
Microsoft Visual Studio Solution File, Format Version 12.00
# Visual Studio Version 16
VisualStudioVersion = 16.0.30804.86
MinimumVisualStudioVersion = 10.0.40219.1
Project("{FAE04EC0-301F-11D3-BF4B-00C04F79EFBC}") = "SelfServeKiosk", "SelfServeKiosk\SelfServeKiosk.csproj", "{0E6BEF58-54B6-499D-A116-DBE3095AB830}"
EndProject
Project("{FAE04EC0-301F-11D3-BF4B-00C04F79EFBC}") = "PatientManager", "PatientManager\PatientManager.csproj", "{A57C41A4-EC69-4608-875A-2DB33670524A}"
EndProject
Project("{FAE04EC0-301F-11D3-BF4B-00C04F79EFBC}") = "PatientManagerCommon", "PatientManagerCommon\PatientManagerCommon.csproj", "{C90C88CB-C2F0-48D7-8529-8843E0BCCDD0}"
EndProject
Global
	GlobalSection(SolutionConfigurationPlatforms) = preSolution
		Debug|Any CPU = Debug|Any CPU
		Release|Any CPU = Release|Any CPU
	EndGlobalSection
	GlobalSection(ProjectConfigurationPlatforms) = postSolution
		{0E6BEF58-54B6-499D-A116-DBE3095AB830}.Debug|Any CPU.ActiveCfg = Debug|Any CPU
		{0E6BEF58-54B6-499D-A116-DBE3095AB830}.Debug|Any CPU.Build.0 = Debug|Any CPU
		{0E6BEF58-54B6-499D-A116-DBE3095AB830}.Release|Any CPU.ActiveCfg = Release|Any CPU
		{0E6BEF58-54B6-499D-A116-DBE3095AB830}.Release|Any CPU.Build.0 = Release|Any CPU
		{A57C41A4-EC69-4608-875A-2DB33670524A}.Debug|Any CPU.ActiveCfg = Debug|Any CPU
		{A57C41A4-EC69-4608-875A-2DB33670524A}.Debug|Any CPU.Build.0 = Debug|Any CPU
		{A57C41A4-EC69-4608-875A-2DB33670524A}.Release|Any CPU.ActiveCfg = Release|Any CPU
		{A57C41A4-EC69-4608-875A-2DB33670524A}.Release|Any CPU.Build.0 = Release|Any CPU
		{C90C88CB-C2F0-48D7-8529-8843E0BCCDD0}.Debug|Any CPU.ActiveCfg = Debug|Any CPU
		{C90C88CB-C2F0-48D7-8529-8843E0BCCDD0}.Debug|Any CPU.Build.0 = Debug|Any CPU
		{C90C88CB-C2F0-48D7-8529-8843E0BCCDD0}.Release|Any CPU.ActiveCfg = Release|Any CPU
		{C90C88CB-C2F0-48D7-8529-8843E0BCCDD0}.Release|Any CPU.Build.0 = Release|Any CPU
	EndGlobalSection
	GlobalSection(SolutionProperties) = preSolution
		HideSolutionNode = FALSE
	EndGlobalSection
	GlobalSection(ExtensibilityGlobals) = postSolution
		SolutionGuid = {577795D9-C352-4F62-B242-0AB0924D12A0}
	EndGlobalSection
EndGlobal
